
Microsoft Visual Studio Solution File, Format Version 12.00
# Visual Studio Version 17
VisualStudioVersion = 17.0.32112.339
MinimumVisualStudioVersion = 10.0.40219.1
Project("{9A19103F-16F7-4668-BE54-9A1E7A4F7556}") = "UdemyRabbitMQ.publisher", "UdemyRabbitMQ.publisher\UdemyRabbitMQ.publisher.csproj", "{A7F5A80A-2485-4384-9B10-E998B250FA7D}"
EndProject
Project("{9A19103F-16F7-4668-BE54-9A1E7A4F7556}") = "UdemyRabbitMQ.subscriber", "UdemyRabbitMQ.subscriber\UdemyRabbitMQ.subscriber.csproj", "{C1557594-C9C2-4398-B2E5-3D94580725E5}"
EndProject
Project("{9A19103F-16F7-4668-BE54-9A1E7A4F7556}") = "Shared", "Shared\Shared.csproj", "{C0CA2C7F-6679-4D60-B077-C131F3BBFD6E}"
EndProject
Project("{9A19103F-16F7-4668-BE54-9A1E7A4F7556}") = "UdemyRabbitMQWeb.Watermark", "UdemyRabbitMQWeb.Watermark\UdemyRabbitMQWeb.Watermark.csproj", "{847CE3A6-4E59-4ADE-9313-6A30C86A1F19}"
EndProject
Project("{9A19103F-16F7-4668-BE54-9A1E7A4F7556}") = "UdemyRabbitMQWeb.ExcelCreate", "UdemyRabbitMQWeb.ExcelCreate\UdemyRabbitMQWeb.ExcelCreate.csproj", "{C2D129B5-D76A-414B-8665-2089E3635925}"
EndProject
Project("{9A19103F-16F7-4668-BE54-9A1E7A4F7556}") = "FileCreateWorkerServices", "FileCreateWorkerServices\FileCreateWorkerServices.csproj", "{5485A69F-D25B-476F-99A7-5C6F81FC0953}"
EndProject
Global
	GlobalSection(SolutionConfigurationPlatforms) = preSolution
		Debug|Any CPU = Debug|Any CPU
		Release|Any CPU = Release|Any CPU
	EndGlobalSection
	GlobalSection(ProjectConfigurationPlatforms) = postSolution
		{A7F5A80A-2485-4384-9B10-E998B250FA7D}.Debug|Any CPU.ActiveCfg = Debug|Any CPU
		{A7F5A80A-2485-4384-9B10-E998B250FA7D}.Debug|Any CPU.Build.0 = Debug|Any CPU
		{A7F5A80A-2485-4384-9B10-E998B250FA7D}.Release|Any CPU.ActiveCfg = Release|Any CPU
		{A7F5A80A-2485-4384-9B10-E998B250FA7D}.Release|Any CPU.Build.0 = Release|Any CPU
		{C1557594-C9C2-4398-B2E5-3D94580725E5}.Debug|Any CPU.ActiveCfg = Debug|Any CPU
		{C1557594-C9C2-4398-B2E5-3D94580725E5}.Debug|Any CPU.Build.0 = Debug|Any CPU
		{C1557594-C9C2-4398-B2E5-3D94580725E5}.Release|Any CPU.ActiveCfg = Release|Any CPU
		{C1557594-C9C2-4398-B2E5-3D94580725E5}.Release|Any CPU.Build.0 = Release|Any CPU
		{C0CA2C7F-6679-4D60-B077-C131F3BBFD6E}.Debug|Any CPU.ActiveCfg = Debug|Any CPU
		{C0CA2C7F-6679-4D60-B077-C131F3BBFD6E}.Debug|Any CPU.Build.0 = Debug|Any CPU
		{C0CA2C7F-6679-4D60-B077-C131F3BBFD6E}.Release|Any CPU.ActiveCfg = Release|Any CPU
		{C0CA2C7F-6679-4D60-B077-C131F3BBFD6E}.Release|Any CPU.Build.0 = Release|Any CPU
		{847CE3A6-4E59-4ADE-9313-6A30C86A1F19}.Debug|Any CPU.ActiveCfg = Debug|Any CPU
		{847CE3A6-4E59-4ADE-9313-6A30C86A1F19}.Debug|Any CPU.Build.0 = Debug|Any CPU
		{847CE3A6-4E59-4ADE-9313-6A30C86A1F19}.Release|Any CPU.ActiveCfg = Release|Any CPU
		{847CE3A6-4E59-4ADE-9313-6A30C86A1F19}.Release|Any CPU.Build.0 = Release|Any CPU
		{C2D129B5-D76A-414B-8665-2089E3635925}.Debug|Any CPU.ActiveCfg = Debug|Any CPU
		{C2D129B5-D76A-414B-8665-2089E3635925}.Debug|Any CPU.Build.0 = Debug|Any CPU
		{C2D129B5-D76A-414B-8665-2089E3635925}.Release|Any CPU.ActiveCfg = Release|Any CPU
		{C2D129B5-D76A-414B-8665-2089E3635925}.Release|Any CPU.Build.0 = Release|Any CPU
		{5485A69F-D25B-476F-99A7-5C6F81FC0953}.Debug|Any CPU.ActiveCfg = Debug|Any CPU
		{5485A69F-D25B-476F-99A7-5C6F81FC0953}.Debug|Any CPU.Build.0 = Debug|Any CPU
		{5485A69F-D25B-476F-99A7-5C6F81FC0953}.Release|Any CPU.ActiveCfg = Release|Any CPU
		{5485A69F-D25B-476F-99A7-5C6F81FC0953}.Release|Any CPU.Build.0 = Release|Any CPU
	EndGlobalSection
	GlobalSection(SolutionProperties) = preSolution
		HideSolutionNode = FALSE
	EndGlobalSection
	GlobalSection(ExtensibilityGlobals) = postSolution
		SolutionGuid = {B1E0516F-2ADE-4B80-B1F9-E1C03109981C}
	EndGlobalSection
EndGlobal
